Microsoft Visual Studio Solution File, Format Version 12.00
# Visual Studio Version 16
VisualStudioVersion = 16.0.29503.13
MinimumVisualStudioVersion = 10.0.40219.1
Project("{2150E333-8FDC-42A3-9474-1A3956D46DE8}") = "00-Assemblies", "00-Assemblies", "{CB9CEBA1-BA54-4293-96BC-4400B150D4DA}"
EndProject
Project("{2150E333-8FDC-42A3-9474-1A3956D46DE8}") = "00-Models", "00-Models", "{F143D6BD-BB69-4CDD-B765-EE3EF6C3DC60}"
EndProject
Project("{2150E333-8FDC-42A3-9474-1A3956D46DE8}") = "00-Entities", "00-Entities", "{7C3ACFAC-F686-4A54-BAD0-06975735BD8E}"
EndProject
Project("{2150E333-8FDC-42A3-9474-1A3956D46DE8}") = "01-Services", "01-Services", "{39C52508-2536-47D3-8039-33E1BAA2CBCF}"
EndProject
Project("{2150E333-8FDC-42A3-9474-1A3956D46DE8}") = "01-Data", "01-Data", "{F84A7900-753E-455B-8B8B-2B076EDC5323}"
EndProject
Project("{2150E333-8FDC-42A3-9474-1A3956D46DE8}") = "02-Business", "02-Business", "{D5D2388F-9225-4C8D-AF7D-3AC9ADF8D39E}"
EndProject
Project("{2150E333-8FDC-42A3-9474-1A3956D46DE8}") = "03-Presentation", "03-Presentation", "{0B3CB54E-0381-41A1-967D-76A1F85C16A5}"
EndProject
Project("{2150E333-8FDC-42A3-9474-1A3956D46DE8}") = "03-Tests", "03-Tests", "{4C7697CD-BCA1-4C7D-B3E0-EAC552B51A49}"
EndProject
Project("{2150E333-8FDC-42A3-9474-1A3956D46DE8}") = "Framework", "Framework", "{B71AC03A-8124-45A5-964B-2ECDD72D32C5}"
EndProject
Project("{2150E333-8FDC-42A3-9474-1A3956D46DE8}") = "Core", "Core", "{67ADFAE9-6AF8-4834-83BD-572638E302F5}"
EndProject
Project("{2150E333-8FDC-42A3-9474-1A3956D46DE8}") = "Core", "Core", "{5A9BA9CE-F086-4798-86F4-0398E2665E21}"
EndProject
Project("{2150E333-8FDC-42A3-9474-1A3956D46DE8}") = "Framework", "Framework", "{6F8CC661-B8B2-46AA-8FDA-4CA1B215C1CE}"
EndProject
Project("{2150E333-8FDC-42A3-9474-1A3956D46DE8}") = "Core", "Core", "{0C5D4E8F-1485-45F1-AA0A-C9888B56AA08}"
EndProject
Project("{2150E333-8FDC-42A3-9474-1A3956D46DE8}") = "Framework", "Framework", "{12292C74-5862-4A46-B647-94D15F7E13D8}"
EndProject
Project("{2150E333-8FDC-42A3-9474-1A3956D46DE8}") = "Core", "Core", "{D244B0B4-5B32-442D-85BB-BCD08318CC7F}"
EndProject
Project("{2150E333-8FDC-42A3-9474-1A3956D46DE8}") = "Framework", "Framework", "{F782F936-13BD-4AB2-B2C5-50EBD57FA8AD}"
EndProject
Project("{2150E333-8FDC-42A3-9474-1A3956D46DE8}") = "Core", "Core", "{60823961-A5CE-4DE3-90E5-D337BABE97A5}"
EndProject
Project("{2150E333-8FDC-42A3-9474-1A3956D46DE8}") = "Framework", "Framework", "{A4A1ED91-11B3-496A-ACA1-ED7680D407CF}"
EndProject
Project("{2150E333-8FDC-42A3-9474-1A3956D46DE8}") = "Core", "Core", "{6E7311DB-74BD-47A0-88F3-895F6277B890}"
EndProject
Project("{2150E333-8FDC-42A3-9474-1A3956D46DE8}") = "Framework", "Framework", "{61427211-E15D-40C6-8654-529DD570BAD6}"
EndProject
Project("{2150E333-8FDC-42A3-9474-1A3956D46DE8}") = "Core", "Core", "{A08037F8-EBAD-447A-9376-D683286BFFD8}"
EndProject
Project("{2150E333-8FDC-42A3-9474-1A3956D46DE8}") = "Framework", "Framework", "{FFABD766-E746-4FEF-AAD1-C16317ECC429}"
EndProject
Project("{2150E333-8FDC-42A3-9474-1A3956D46DE8}") = "Core", "Core", "{4386DFA6-47F2-48AB-BF15-F55D4D662012}"
	ProjectSection(SolutionItems) = preProject
		TemplateFullStack.Assemblies\Core\Log4Net.Helper.Logging.Core.dll = TemplateFullStack.Assemblies\Core\Log4Net.Helper.Logging.Core.dll
	EndProjectSection
EndProject
Project("{2150E333-8FDC-42A3-9474-1A3956D46DE8}") = "Framework", "Framework", "{7879D265-ECAD-4237-87FD-7EFE45CC6C6B}"
	ProjectSection(SolutionItems) = preProject
		TemplateFullStack.Assemblies\Framework\Log4net.Helper.Logging.dll = TemplateFullStack.Assemblies\Framework\Log4net.Helper.Logging.dll
	EndProjectSection
EndProject
Project("{9A19103F-16F7-4668-BE54-9A1E7A4F7556}") = "TemplateFullStack.Core.Dto", "TemplateFullStack.Core.Dto\TemplateFullStack.Core.Dto.csproj", "{4D3FE033-FD73-4070-8EB2-C298FE429B73}"
EndProject
Project("{9A19103F-16F7-4668-BE54-9A1E7A4F7556}") = "TemplateFullStack.Core.Dal", "TemplateFullStack.Core.Dal\TemplateFullStack.Core.Dal.csproj", "{8924BDEF-A3BF-466E-9B89-4C404E05A8E2}"
EndProject
Project("{9A19103F-16F7-4668-BE54-9A1E7A4F7556}") = "TemplateFullStack.Core.Sal", "TemplateFullStack.Core.Sal\TemplateFullStack.Core.Sal.csproj", "{375C9E5C-A248-497B-A081-363FD3B345A9}"
EndProject
Project("{9A19103F-16F7-4668-BE54-9A1E7A4F7556}") = "TemplateFullStack.Core.Bll", "TemplateFullStack.Core.Bll\TemplateFullStack.Core.Bll.csproj", "{4C8A5E11-B043-4900-B1C6-5E327B81A9F9}"
EndProject
Project("{9A19103F-16F7-4668-BE54-9A1E7A4F7556}") = "TemplateFullStack.Core.Api", "TemplateFullStack.Core.Api\TemplateFullStack.Core.Api.csproj", "{5009DE4D-4BE8-4C77-B0D4-D27A59728D9C}"
EndProject
Project("{9A19103F-16F7-4668-BE54-9A1E7A4F7556}") = "TemplateFullStack.Core.XUnitTests", "TemplateFullStack.Core.XUnitTests\TemplateFullStack.Core.XUnitTests.csproj", "{6EE060E3-EA2B-449C-8507-34E4A2D03C46}"
EndProject
Project("{9A19103F-16F7-4668-BE54-9A1E7A4F7556}") = "TemplateFullStack.Core.Ent", "TemplateFullStack.Core.Ent\TemplateFullStack.Core.Ent.csproj", "{EF6DF93C-D82D-436B-A12A-0A479CB2E955}"
EndProject
Project("{FAE04EC0-301F-11D3-BF4B-00C04F79EFBC}") = "TemplateFullStack.MSUnitTests", "TemplateFullStack.MSUnitTests\TemplateFullStack.MSUnitTests.csproj", "{3240507F-93F1-4134-A382-0FBC4FDD821A}"
EndProject
Project("{FAE04EC0-301F-11D3-BF4B-00C04F79EFBC}") = "TemplateFullStack.Bll", "TemplateFullStack.Bll\TemplateFullStack.Bll.csproj", "{7DF9E5D3-C372-474C-BD1C-5FEFF40DD341}"
EndProject
Project("{FAE04EC0-301F-11D3-BF4B-00C04F79EFBC}") = "TemplateFullStack.Sal", "TemplateFullStack.Sal\TemplateFullStack.Sal.csproj", "{82FCFBD5-6A98-4EE0-9E45-C655B9A85FC6}"
EndProject
Project("{FAE04EC0-301F-11D3-BF4B-00C04F79EFBC}") = "TemplateFullStack.Dal", "TemplateFullStack.Dal\TemplateFullStack.Dal.csproj", "{17D452FD-3E80-4676-B49D-7083C6CA7CE0}"
EndProject
Project("{FAE04EC0-301F-11D3-BF4B-00C04F79EFBC}") = "TemplateFullStack.Dto", "TemplateFullStack.Dto\TemplateFullStack.Dto.csproj", "{CBD7ED98-21BA-427C-9B17-02E1F8AC3F99}"
EndProject
Project("{FAE04EC0-301F-11D3-BF4B-00C04F79EFBC}") = "TemplateFullStack.Ent", "TemplateFullStack.Ent\TemplateFullStack.Ent.csproj", "{F5F5117B-3A0E-4DED-BDB3-369FC7D9272D}"
EndProject
Project("{FAE04EC0-301F-11D3-BF4B-00C04F79EFBC}") = "TemplateFullStack.Api", "TemplateFullStack.Api\TemplateFullStack.Api.csproj", "{936A78AF-E0B0-4C96-95E6-F25822B72054}"
EndProject
Global
	GlobalSection(SolutionConfigurationPlatforms) = preSolution
		Debug|Any CPU = Debug|Any CPU
		Release|Any CPU = Release|Any CPU
	EndGlobalSection
	GlobalSection(ProjectConfigurationPlatforms) = postSolution
		{4D3FE033-FD73-4070-8EB2-C298FE429B73}.Debug|Any CPU.ActiveCfg = Debug|Any CPU
		{4D3FE033-FD73-4070-8EB2-C298FE429B73}.Debug|Any CPU.Build.0 = Debug|Any CPU
		{4D3FE033-FD73-4070-8EB2-C298FE429B73}.Release|Any CPU.ActiveCfg = Release|Any CPU
		{4D3FE033-FD73-4070-8EB2-C298FE429B73}.Release|Any CPU.Build.0 = Release|Any CPU
		{8924BDEF-A3BF-466E-9B89-4C404E05A8E2}.Debug|Any CPU.ActiveCfg = Debug|Any CPU
		{8924BDEF-A3BF-466E-9B89-4C404E05A8E2}.Debug|Any CPU.Build.0 = Debug|Any CPU
		{8924BDEF-A3BF-466E-9B89-4C404E05A8E2}.Release|Any CPU.ActiveCfg = Release|Any CPU
		{8924BDEF-A3BF-466E-9B89-4C404E05A8E2}.Release|Any CPU.Build.0 = Release|Any CPU
		{375C9E5C-A248-497B-A081-363FD3B345A9}.Debug|Any CPU.ActiveCfg = Debug|Any CPU
		{375C9E5C-A248-497B-A081-363FD3B345A9}.Debug|Any CPU.Build.0 = Debug|Any CPU
		{375C9E5C-A248-497B-A081-363FD3B345A9}.Release|Any CPU.ActiveCfg = Release|Any CPU
		{375C9E5C-A248-497B-A081-363FD3B345A9}.Release|Any CPU.Build.0 = Release|Any CPU
		{4C8A5E11-B043-4900-B1C6-5E327B81A9F9}.Debug|Any CPU.ActiveCfg = Debug|Any CPU
		{4C8A5E11-B043-4900-B1C6-5E327B81A9F9}.Debug|Any CPU.Build.0 = Debug|Any CPU
		{4C8A5E11-B043-4900-B1C6-5E327B81A9F9}.Release|Any CPU.ActiveCfg = Release|Any CPU
		{4C8A5E11-B043-4900-B1C6-5E327B81A9F9}.Release|Any CPU.Build.0 = Release|Any CPU
		{5009DE4D-4BE8-4C77-B0D4-D27A59728D9C}.Debug|Any CPU.ActiveCfg = Debug|Any CPU
		{5009DE4D-4BE8-4C77-B0D4-D27A59728D9C}.Debug|Any CPU.Build.0 = Debug|Any CPU
		{5009DE4D-4BE8-4C77-B0D4-D27A59728D9C}.Release|Any CPU.ActiveCfg = Release|Any CPU
		{5009DE4D-4BE8-4C77-B0D4-D27A59728D9C}.Release|Any CPU.Build.0 = Release|Any CPU
		{6EE060E3-EA2B-449C-8507-34E4A2D03C46}.Debug|Any CPU.ActiveCfg = Debug|Any CPU
		{6EE060E3-EA2B-449C-8507-34E4A2D03C46}.Debug|Any CPU.Build.0 = Debug|Any CPU
		{6EE060E3-EA2B-449C-8507-34E4A2D03C46}.Release|Any CPU.ActiveCfg = Release|Any CPU
		{6EE060E3-EA2B-449C-8507-34E4A2D03C46}.Release|Any CPU.Build.0 = Release|Any CPU
		{EF6DF93C-D82D-436B-A12A-0A479CB2E955}.Debug|Any CPU.ActiveCfg = Debug|Any CPU
		{EF6DF93C-D82D-436B-A12A-0A479CB2E955}.Debug|Any CPU.Build.0 = Debug|Any CPU
		{EF6DF93C-D82D-436B-A12A-0A479CB2E955}.Release|Any CPU.ActiveCfg = Release|Any CPU
		{EF6DF93C-D82D-436B-A12A-0A479CB2E955}.Release|Any CPU.Build.0 = Release|Any CPU
		{3240507F-93F1-4134-A382-0FBC4FDD821A}.Debug|Any CPU.ActiveCfg = Debug|Any CPU
		{3240507F-93F1-4134-A382-0FBC4FDD821A}.Debug|Any CPU.Build.0 = Debug|Any CPU
		{3240507F-93F1-4134-A382-0FBC4FDD821A}.Release|Any CPU.ActiveCfg = Release|Any CPU
		{3240507F-93F1-4134-A382-0FBC4FDD821A}.Release|Any CPU.Build.0 = Release|Any CPU
		{7DF9E5D3-C372-474C-BD1C-5FEFF40DD341}.Debug|Any CPU.ActiveCfg = Debug|Any CPU
		{7DF9E5D3-C372-474C-BD1C-5FEFF40DD341}.Debug|Any CPU.Build.0 = Debug|Any CPU
		{7DF9E5D3-C372-474C-BD1C-5FEFF40DD341}.Release|Any CPU.ActiveCfg = Release|Any CPU
		{7DF9E5D3-C372-474C-BD1C-5FEFF40DD341}.Release|Any CPU.Build.0 = Release|Any CPU
		{82FCFBD5-6A98-4EE0-9E45-C655B9A85FC6}.Debug|Any CPU.ActiveCfg = Debug|Any CPU
		{82FCFBD5-6A98-4EE0-9E45-C655B9A85FC6}.Debug|Any CPU.Build.0 = Debug|Any CPU
		{82FCFBD5-6A98-4EE0-9E45-C655B9A85FC6}.Release|Any CPU.ActiveCfg = Release|Any CPU
		{82FCFBD5-6A98-4EE0-9E45-C655B9A85FC6}.Release|Any CPU.Build.0 = Release|Any CPU
		{17D452FD-3E80-4676-B49D-7083C6CA7CE0}.Debug|Any CPU.ActiveCfg = Debug|Any CPU
		{17D452FD-3E80-4676-B49D-7083C6CA7CE0}.Debug|Any CPU.Build.0 = Debug|Any CPU
		{17D452FD-3E80-4676-B49D-7083C6CA7CE0}.Release|Any CPU.ActiveCfg = Release|Any CPU
		{17D452FD-3E80-4676-B49D-7083C6CA7CE0}.Release|Any CPU.Build.0 = Release|Any CPU
		{CBD7ED98-21BA-427C-9B17-02E1F8AC3F99}.Debug|Any CPU.ActiveCfg = Debug|Any CPU
		{CBD7ED98-21BA-427C-9B17-02E1F8AC3F99}.Debug|Any CPU.Build.0 = Debug|Any CPU
		{CBD7ED98-21BA-427C-9B17-02E1F8AC3F99}.Release|Any CPU.ActiveCfg = Release|Any CPU
		{CBD7ED98-21BA-427C-9B17-02E1F8AC3F99}.Release|Any CPU.Build.0 = Release|Any CPU
		{F5F5117B-3A0E-4DED-BDB3-369FC7D9272D}.Debug|Any CPU.ActiveCfg = Debug|Any CPU
		{F5F5117B-3A0E-4DED-BDB3-369FC7D9272D}.Debug|Any CPU.Build.0 = Debug|Any CPU
		{F5F5117B-3A0E-4DED-BDB3-369FC7D9272D}.Release|Any CPU.ActiveCfg = Release|Any CPU
		{F5F5117B-3A0E-4DED-BDB3-369FC7D9272D}.Release|Any CPU.Build.0 = Release|Any CPU
		{936A78AF-E0B0-4C96-95E6-F25822B72054}.Debug|Any CPU.ActiveCfg = Debug|Any CPU
		{936A78AF-E0B0-4C96-95E6-F25822B72054}.Debug|Any CPU.Build.0 = Debug|Any CPU
		{936A78AF-E0B0-4C96-95E6-F25822B72054}.Release|Any CPU.ActiveCfg = Release|Any CPU
		{936A78AF-E0B0-4C96-95E6-F25822B72054}.Release|Any CPU.Build.0 = Release|Any CPU
	EndGlobalSection
	GlobalSection(SolutionProperties) = preSolution
		HideSolutionNode = FALSE
	EndGlobalSection
	GlobalSection(NestedProjects) = preSolution
		{B71AC03A-8124-45A5-964B-2ECDD72D32C5} = {7C3ACFAC-F686-4A54-BAD0-06975735BD8E}
		{67ADFAE9-6AF8-4834-83BD-572638E302F5} = {7C3ACFAC-F686-4A54-BAD0-06975735BD8E}
		{5A9BA9CE-F086-4798-86F4-0398E2665E21} = {F143D6BD-BB69-4CDD-B765-EE3EF6C3DC60}
		{6F8CC661-B8B2-46AA-8FDA-4CA1B215C1CE} = {F143D6BD-BB69-4CDD-B765-EE3EF6C3DC60}
		{0C5D4E8F-1485-45F1-AA0A-C9888B56AA08} = {F84A7900-753E-455B-8B8B-2B076EDC5323}
		{12292C74-5862-4A46-B647-94D15F7E13D8} = {F84A7900-753E-455B-8B8B-2B076EDC5323}
		{D244B0B4-5B32-442D-85BB-BCD08318CC7F} = {39C52508-2536-47D3-8039-33E1BAA2CBCF}
		{F782F936-13BD-4AB2-B2C5-50EBD57FA8AD} = {39C52508-2536-47D3-8039-33E1BAA2CBCF}
		{60823961-A5CE-4DE3-90E5-D337BABE97A5} = {D5D2388F-9225-4C8D-AF7D-3AC9ADF8D39E}
		{A4A1ED91-11B3-496A-ACA1-ED7680D407CF} = {D5D2388F-9225-4C8D-AF7D-3AC9ADF8D39E}
		{6E7311DB-74BD-47A0-88F3-895F6277B890} = {0B3CB54E-0381-41A1-967D-76A1F85C16A5}
		{61427211-E15D-40C6-8654-529DD570BAD6} = {0B3CB54E-0381-41A1-967D-76A1F85C16A5}
		{A08037F8-EBAD-447A-9376-D683286BFFD8} = {4C7697CD-BCA1-4C7D-B3E0-EAC552B51A49}
		{FFABD766-E746-4FEF-AAD1-C16317ECC429} = {4C7697CD-BCA1-4C7D-B3E0-EAC552B51A49}
		{4386DFA6-47F2-48AB-BF15-F55D4D662012} = {CB9CEBA1-BA54-4293-96BC-4400B150D4DA}
		{7879D265-ECAD-4237-87FD-7EFE45CC6C6B} = {CB9CEBA1-BA54-4293-96BC-4400B150D4DA}
		{4D3FE033-FD73-4070-8EB2-C298FE429B73} = {5A9BA9CE-F086-4798-86F4-0398E2665E21}
		{8924BDEF-A3BF-466E-9B89-4C404E05A8E2} = {0C5D4E8F-1485-45F1-AA0A-C9888B56AA08}
		{375C9E5C-A248-497B-A081-363FD3B345A9} = {D244B0B4-5B32-442D-85BB-BCD08318CC7F}
		{4C8A5E11-B043-4900-B1C6-5E327B81A9F9} = {60823961-A5CE-4DE3-90E5-D337BABE97A5}
		{5009DE4D-4BE8-4C77-B0D4-D27A59728D9C} = {6E7311DB-74BD-47A0-88F3-895F6277B890}
		{6EE060E3-EA2B-449C-8507-34E4A2D03C46} = {A08037F8-EBAD-447A-9376-D683286BFFD8}
		{EF6DF93C-D82D-436B-A12A-0A479CB2E955} = {67ADFAE9-6AF8-4834-83BD-572638E302F5}
		{3240507F-93F1-4134-A382-0FBC4FDD821A} = {FFABD766-E746-4FEF-AAD1-C16317ECC429}
		{7DF9E5D3-C372-474C-BD1C-5FEFF40DD341} = {A4A1ED91-11B3-496A-ACA1-ED7680D407CF}
		{82FCFBD5-6A98-4EE0-9E45-C655B9A85FC6} = {F782F936-13BD-4AB2-B2C5-50EBD57FA8AD}
		{17D452FD-3E80-4676-B49D-7083C6CA7CE0} = {12292C74-5862-4A46-B647-94D15F7E13D8}
		{CBD7ED98-21BA-427C-9B17-02E1F8AC3F99} = {6F8CC661-B8B2-46AA-8FDA-4CA1B215C1CE}
		{F5F5117B-3A0E-4DED-BDB3-369FC7D9272D} = {B71AC03A-8124-45A5-964B-2ECDD72D32C5}
		{936A78AF-E0B0-4C96-95E6-F25822B72054} = {61427211-E15D-40C6-8654-529DD570BAD6}
	EndGlobalSection
	GlobalSection(ExtensibilityGlobals) = postSolution
		SolutionGuid = {3964D0BD-38A7-4FE5-A7F0-B0DB16F16A2D}
	EndGlobalSection
EndGlobal
